
Microsoft Visual Studio Solution File, Format Version 12.00
# Visual Studio Version 16
VisualStudioVersion = 16.0.28917.182
MinimumVisualStudioVersion = 10.0.40219.1
Project("{FAE04EC0-301F-11D3-BF4B-00C04F79EFBC}") = "CampApp", "CampApp\CampApp.csproj", "{97F8BB7E-1D29-4DD4-BCBE-F7074DE2E255}"
EndProject
Project("{FAE04EC0-301F-11D3-BF4B-00C04F79EFBC}") = "CampLib", "CampLib\CampLib.csproj", "{5D8FEBAE-169E-48F6-95FF-01C9BCCEFF36}"
EndProject
Global
	GlobalSection(SolutionConfigurationPlatforms) = preSolution
		Debug|Any CPU = Debug|Any CPU
		Release|Any CPU = Release|Any CPU
	EndGlobalSection
	GlobalSection(ProjectConfigurationPlatforms) = postSolution
		{97F8BB7E-1D29-4DD4-BCBE-F7074DE2E255}.Debug|Any CPU.ActiveCfg = Debug|Any CPU
		{97F8BB7E-1D29-4DD4-BCBE-F7074DE2E255}.Debug|Any CPU.Build.0 = Debug|Any CPU
		{97F8BB7E-1D29-4DD4-BCBE-F7074DE2E255}.Release|Any CPU.ActiveCfg = Release|Any CPU
		{97F8BB7E-1D29-4DD4-BCBE-F7074DE2E255}.Release|Any CPU.Build.0 = Release|Any CPU
		{5D8FEBAE-169E-48F6-95FF-01C9BCCEFF36}.Debug|Any CPU.ActiveCfg = Debug|Any CPU
		{5D8FEBAE-169E-48F6-95FF-01C9BCCEFF36}.Debug|Any CPU.Build.0 = Debug|Any CPU
		{5D8FEBAE-169E-48F6-95FF-01C9BCCEFF36}.Release|Any CPU.ActiveCfg = Release|Any CPU
		{5D8FEBAE-169E-48F6-95FF-01C9BCCEFF36}.Release|Any CPU.Build.0 = Release|Any CPU
	EndGlobalSection
	GlobalSection(SolutionProperties) = preSolution
		HideSolutionNode = FALSE
	EndGlobalSection
	GlobalSection(ExtensibilityGlobals) = postSolution
		SolutionGuid = {FCBA9E11-D452-4175-95E4-023CA23BA27A}
	EndGlobalSection
EndGlobal
